
Microsoft Visual Studio Solution File, Format Version 12.00
# Visual Studio Version 17
VisualStudioVersion = 17.10.35122.118
MinimumVisualStudioVersion = 10.0.40219.1
Project("{8BC9CEB8-8B4A-11D0-8D11-00A0C91BC942}") = "C-Scripal", "C-Scripal.vcxproj", "{53D88522-47D1-4638-8D66-04F47665937B}"
EndProject
Global
	GlobalSection(SolutionConfigurationPlatforms) = preSolution
		Debug|x64 = Debug|x64
		Debug|x86 = Debug|x86
		Release|x64 = Release|x64
		Release|x86 = Release|x86
	EndGlobalSection
	GlobalSection(ProjectConfigurationPlatforms) = postSolution
		{53D88522-47D1-4638-8D66-04F47665937B}.Debug|x64.ActiveCfg = Debug|x64
		{53D88522-47D1-4638-8D66-04F47665937B}.Debug|x64.Build.0 = Debug|x64
		{53D88522-47D1-4638-8D66-04F47665937B}.Debug|x86.ActiveCfg = Debug|Win32
		{53D88522-47D1-4638-8D66-04F47665937B}.Debug|x86.Build.0 = Debug|Win32
		{53D88522-47D1-4638-8D66-04F47665937B}.Release|x64.ActiveCfg = Release|x64
		{53D88522-47D1-4638-8D66-04F47665937B}.Release|x64.Build.0 = Release|x64
		{53D88522-47D1-4638-8D66-04F47665937B}.Release|x86.ActiveCfg = Release|Win32
		{53D88522-47D1-4638-8D66-04F47665937B}.Release|x86.Build.0 = Release|Win32
	EndGlobalSection
	GlobalSection(SolutionProperties) = preSolution
		HideSolutionNode = FALSE
	EndGlobalSection
	GlobalSection(ExtensibilityGlobals) = postSolution
		SolutionGuid = {FE0AAB70-01FB-4E0E-9762-A38BDC1E9F0F}
	EndGlobalSection
EndGlobal
