
Microsoft Visual Studio Solution File, Format Version 12.00
# Visual Studio Version 17
VisualStudioVersion = 17.11.35222.181
MinimumVisualStudioVersion = 10.0.40219.1
Project("{8BC9CEB8-8B4A-11D0-8D11-00A0C91BC942}") = "XML", "%POCO_BASE%\XML\XML_vs170.vcxproj", "{9E211743-85FE-4977-82F3-4F04B40C912D}"
	ProjectSection(ProjectDependencies) = postProject
		{B01196CC-B693-4548-8464-2FF60499E73F} = {B01196CC-B693-4548-8464-2FF60499E73F}
	EndProjectSection
EndProject
Project("{8BC9CEB8-8B4A-11D0-8D11-00A0C91BC942}") = "JSON", "%POCO_BASE%\JSON\JSON_vs170.vcxproj", "{0E7FE914-0690-3EB4-9119-93A97CC97741}"
	ProjectSection(ProjectDependencies) = postProject
		{B01196CC-B693-4548-8464-2FF60499E73F} = {B01196CC-B693-4548-8464-2FF60499E73F}
	EndProjectSection
EndProject
Project("{8BC9CEB8-8B4A-11D0-8D11-00A0C91BC942}") = "Util", "%POCO_BASE%\Util\Util_vs170.vcxproj", "{6FF56CDB-787A-4714-A28C-919003F9FA6C}"
	ProjectSection(ProjectDependencies) = postProject
		{0E7FE914-0690-3EB4-9119-93A97CC97741} = {0E7FE914-0690-3EB4-9119-93A97CC97741}
		{4AC75EAD-BFCF-41E6-AB1F-0DA203CC7C61} = {4AC75EAD-BFCF-41E6-AB1F-0DA203CC7C61}
		{9E211743-85FE-4977-82F3-4F04B40C912D} = {9E211743-85FE-4977-82F3-4F04B40C912D}
		{B01196CC-B693-4548-8464-2FF60499E73F} = {B01196CC-B693-4548-8464-2FF60499E73F}
	EndProjectSection
EndProject
Project("{8BC9CEB8-8B4A-11D0-8D11-00A0C91BC942}") = "Zip", "%POCO_BASE%\Zip\Zip_vs170.vcxproj", "{4AC75EAD-BFCF-41E6-AB1F-0DA203CC7C61}"
	ProjectSection(ProjectDependencies) = postProject
		{B01196CC-B693-4548-8464-2FF60499E73F} = {B01196CC-B693-4548-8464-2FF60499E73F}
	EndProjectSection
EndProject
Project("{8BC9CEB8-8B4A-11D0-8D11-00A0C91BC942}") = "Encodings", "%POCO_BASE%\Encodings\Encodings_vs170.vcxproj", "{D7AAB91A-9AB8-457D-A329-02D1FA47CB7E}"
	ProjectSection(ProjectDependencies) = postProject
		{0E7FE914-0690-3EB4-9119-93A97CC97741} = {0E7FE914-0690-3EB4-9119-93A97CC97741}
		{9E211743-85FE-4977-82F3-4F04B40C912D} = {9E211743-85FE-4977-82F3-4F04B40C912D}
		{B01196CC-B693-4548-8464-2FF60499E73F} = {B01196CC-B693-4548-8464-2FF60499E73F}
	EndProjectSection
EndProject
Project("{8BC9CEB8-8B4A-11D0-8D11-00A0C91BC942}") = "Foundation", "%POCO_BASE%\Foundation\Foundation_vs170.vcxproj", "{B01196CC-B693-4548-8464-2FF60499E73F}"
EndProject
Global
	GlobalSection(SolutionConfigurationPlatforms) = preSolution
		debug_shared|ARM64 = debug_shared|ARM64
		debug_shared|x64 = debug_shared|x64
		debug_shared|x86 = debug_shared|x86
		debug_static_md|ARM64 = debug_static_md|ARM64
		debug_static_md|x64 = debug_static_md|x64
		debug_static_md|x86 = debug_static_md|x86
		debug_static_mt|ARM64 = debug_static_mt|ARM64
		debug_static_mt|x64 = debug_static_mt|x64
		debug_static_mt|x86 = debug_static_mt|x86
		release_shared|ARM64 = release_shared|ARM64
		release_shared|x64 = release_shared|x64
		release_shared|x86 = release_shared|x86
		release_static_md|ARM64 = release_static_md|ARM64
		release_static_md|x64 = release_static_md|x64
		release_static_md|x86 = release_static_md|x86
		release_static_mt|ARM64 = release_static_mt|ARM64
		release_static_mt|x64 = release_static_mt|x64
		release_static_mt|x86 = release_static_mt|x86
	EndGlobalSection
	GlobalSection(ProjectConfigurationPlatforms) = postSolution
		{9E211743-85FE-4977-82F3-4F04B40C912D}.debug_shared|ARM64.ActiveCfg = debug_shared|ARM64
		{9E211743-85FE-4977-82F3-4F04B40C912D}.debug_shared|ARM64.Build.0 = debug_shared|ARM64
		{9E211743-85FE-4977-82F3-4F04B40C912D}.debug_shared|x64.ActiveCfg = debug_shared|x64
		{9E211743-85FE-4977-82F3-4F04B40C912D}.debug_shared|x64.Build.0 = debug_shared|x64
		{9E211743-85FE-4977-82F3-4F04B40C912D}.debug_shared|x86.ActiveCfg = debug_shared|Win32
		{9E211743-85FE-4977-82F3-4F04B40C912D}.debug_shared|x86.Build.0 = debug_shared|Win32
		{9E211743-85FE-4977-82F3-4F04B40C912D}.debug_static_md|ARM64.ActiveCfg = debug_static_md|ARM64
		{9E211743-85FE-4977-82F3-4F04B40C912D}.debug_static_md|ARM64.Build.0 = debug_static_md|ARM64
		{9E211743-85FE-4977-82F3-4F04B40C912D}.debug_static_md|x64.ActiveCfg = debug_static_md|x64
		{9E211743-85FE-4977-82F3-4F04B40C912D}.debug_static_md|x64.Build.0 = debug_static_md|x64
		{9E211743-85FE-4977-82F3-4F04B40C912D}.debug_static_md|x86.ActiveCfg = debug_static_md|Win32
		{9E211743-85FE-4977-82F3-4F04B40C912D}.debug_static_md|x86.Build.0 = debug_static_md|Win32
		{9E211743-85FE-4977-82F3-4F04B40C912D}.debug_static_mt|ARM64.ActiveCfg = debug_static_mt|ARM64
		{9E211743-85FE-4977-82F3-4F04B40C912D}.debug_static_mt|ARM64.Build.0 = debug_static_mt|ARM64
		{9E211743-85FE-4977-82F3-4F04B40C912D}.debug_static_mt|x64.ActiveCfg = debug_static_mt|x64
		{9E211743-85FE-4977-82F3-4F04B40C912D}.debug_static_mt|x64.Build.0 = debug_static_mt|x64
		{9E211743-85FE-4977-82F3-4F04B40C912D}.debug_static_mt|x86.ActiveCfg = debug_static_mt|Win32
		{9E211743-85FE-4977-82F3-4F04B40C912D}.debug_static_mt|x86.Build.0 = debug_static_mt|Win32
		{9E211743-85FE-4977-82F3-4F04B40C912D}.release_shared|ARM64.ActiveCfg = release_shared|ARM64
		{9E211743-85FE-4977-82F3-4F04B40C912D}.release_shared|ARM64.Build.0 = release_shared|ARM64
		{9E211743-85FE-4977-82F3-4F04B40C912D}.release_shared|x64.ActiveCfg = release_shared|x64
		{9E211743-85FE-4977-82F3-4F04B40C912D}.release_shared|x64.Build.0 = release_shared|x64
		{9E211743-85FE-4977-82F3-4F04B40C912D}.release_shared|x86.ActiveCfg = release_shared|Win32
		{9E211743-85FE-4977-82F3-4F04B40C912D}.release_shared|x86.Build.0 = release_shared|Win32
		{9E211743-85FE-4977-82F3-4F04B40C912D}.release_static_md|ARM64.ActiveCfg = release_static_md|ARM64
		{9E211743-85FE-4977-82F3-4F04B40C912D}.release_static_md|ARM64.Build.0 = release_static_md|ARM64
		{9E211743-85FE-4977-82F3-4F04B40C912D}.release_static_md|x64.ActiveCfg = release_static_md|x64
		{9E211743-85FE-4977-82F3-4F04B40C912D}.release_static_md|x64.Build.0 = release_static_md|x64
		{9E211743-85FE-4977-82F3-4F04B40C912D}.release_static_md|x86.ActiveCfg = release_static_md|Win32
		{9E211743-85FE-4977-82F3-4F04B40C912D}.release_static_md|x86.Build.0 = release_static_md|Win32
		{9E211743-85FE-4977-82F3-4F04B40C912D}.release_static_mt|ARM64.ActiveCfg = release_static_mt|ARM64
		{9E211743-85FE-4977-82F3-4F04B40C912D}.release_static_mt|ARM64.Build.0 = release_static_mt|ARM64
		{9E211743-85FE-4977-82F3-4F04B40C912D}.release_static_mt|x64.ActiveCfg = release_static_mt|x64
		{9E211743-85FE-4977-82F3-4F04B40C912D}.release_static_mt|x64.Build.0 = release_static_mt|x64
		{9E211743-85FE-4977-82F3-4F04B40C912D}.release_static_mt|x86.ActiveCfg = release_static_mt|Win32
		{9E211743-85FE-4977-82F3-4F04B40C912D}.release_static_mt|x86.Build.0 = release_static_mt|Win32
		{0E7FE914-0690-3EB4-9119-93A97CC97741}.debug_shared|ARM64.ActiveCfg = debug_shared|ARM64
		{0E7FE914-0690-3EB4-9119-93A97CC97741}.debug_shared|ARM64.Build.0 = debug_shared|ARM64
		{0E7FE914-0690-3EB4-9119-93A97CC97741}.debug_shared|x64.ActiveCfg = debug_shared|x64
		{0E7FE914-0690-3EB4-9119-93A97CC97741}.debug_shared|x64.Build.0 = debug_shared|x64
		{0E7FE914-0690-3EB4-9119-93A97CC97741}.debug_shared|x86.ActiveCfg = debug_shared|Win32
		{0E7FE914-0690-3EB4-9119-93A97CC97741}.debug_shared|x86.Build.0 = debug_shared|Win32
		{0E7FE914-0690-3EB4-9119-93A97CC97741}.debug_static_md|ARM64.ActiveCfg = debug_static_md|ARM64
		{0E7FE914-0690-3EB4-9119-93A97CC97741}.debug_static_md|ARM64.Build.0 = debug_static_md|ARM64
		{0E7FE914-0690-3EB4-9119-93A97CC97741}.debug_static_md|x64.ActiveCfg = debug_static_md|x64
		{0E7FE914-0690-3EB4-9119-93A97CC97741}.debug_static_md|x64.Build.0 = debug_static_md|x64
		{0E7FE914-0690-3EB4-9119-93A97CC97741}.debug_static_md|x86.ActiveCfg = debug_static_md|Win32
		{0E7FE914-0690-3EB4-9119-93A97CC97741}.debug_static_md|x86.Build.0 = debug_static_md|Win32
		{0E7FE914-0690-3EB4-9119-93A97CC97741}.debug_static_mt|ARM64.ActiveCfg = debug_static_mt|ARM64
		{0E7FE914-0690-3EB4-9119-93A97CC97741}.debug_static_mt|ARM64.Build.0 = debug_static_mt|ARM64
		{0E7FE914-0690-3EB4-9119-93A97CC97741}.debug_static_mt|x64.ActiveCfg = debug_static_mt|x64
		{0E7FE914-0690-3EB4-9119-93A97CC97741}.debug_static_mt|x64.Build.0 = debug_static_mt|x64
		{0E7FE914-0690-3EB4-9119-93A97CC97741}.debug_static_mt|x86.ActiveCfg = debug_static_mt|Win32
		{0E7FE914-0690-3EB4-9119-93A97CC97741}.debug_static_mt|x86.Build.0 = debug_static_mt|Win32
		{0E7FE914-0690-3EB4-9119-93A97CC97741}.release_shared|ARM64.ActiveCfg = release_shared|ARM64
		{0E7FE914-0690-3EB4-9119-93A97CC97741}.release_shared|ARM64.Build.0 = release_shared|ARM64
		{0E7FE914-0690-3EB4-9119-93A97CC97741}.release_shared|x64.ActiveCfg = release_shared|x64
		{0E7FE914-0690-3EB4-9119-93A97CC97741}.release_shared|x64.Build.0 = release_shared|x64
		{0E7FE914-0690-3EB4-9119-93A97CC97741}.release_shared|x86.ActiveCfg = release_shared|Win32
		{0E7FE914-0690-3EB4-9119-93A97CC97741}.release_shared|x86.Build.0 = release_shared|Win32
		{0E7FE914-0690-3EB4-9119-93A97CC97741}.release_static_md|ARM64.ActiveCfg = release_static_md|ARM64
		{0E7FE914-0690-3EB4-9119-93A97CC97741}.release_static_md|ARM64.Build.0 = release_static_md|ARM64
		{0E7FE914-0690-3EB4-9119-93A97CC97741}.release_static_md|x64.ActiveCfg = release_static_md|x64
		{0E7FE914-0690-3EB4-9119-93A97CC97741}.release_static_md|x64.Build.0 = release_static_md|x64
		{0E7FE914-0690-3EB4-9119-93A97CC97741}.release_static_md|x86.ActiveCfg = release_static_md|Win32
		{0E7FE914-0690-3EB4-9119-93A97CC97741}.release_static_md|x86.Build.0 = release_static_md|Win32
		{0E7FE914-0690-3EB4-9119-93A97CC97741}.release_static_mt|ARM64.ActiveCfg = release_static_mt|ARM64
		{0E7FE914-0690-3EB4-9119-93A97CC97741}.release_static_mt|ARM64.Build.0 = release_static_mt|ARM64
		{0E7FE914-0690-3EB4-9119-93A97CC97741}.release_static_mt|x64.ActiveCfg = release_static_mt|x64
		{0E7FE914-0690-3EB4-9119-93A97CC97741}.release_static_mt|x64.Build.0 = release_static_mt|x64
		{0E7FE914-0690-3EB4-9119-93A97CC97741}.release_static_mt|x86.ActiveCfg = release_static_mt|Win32
		{0E7FE914-0690-3EB4-9119-93A97CC97741}.release_static_mt|x86.Build.0 = release_static_mt|Win32
		{6FF56CDB-787A-4714-A28C-919003F9FA6C}.debug_shared|ARM64.ActiveCfg = debug_shared|ARM64
		{6FF56CDB-787A-4714-A28C-919003F9FA6C}.debug_shared|ARM64.Build.0 = debug_shared|ARM64
		{6FF56CDB-787A-4714-A28C-919003F9FA6C}.debug_shared|x64.ActiveCfg = debug_shared|x64
		{6FF56CDB-787A-4714-A28C-919003F9FA6C}.debug_shared|x64.Build.0 = debug_shared|x64
		{6FF56CDB-787A-4714-A28C-919003F9FA6C}.debug_shared|x86.ActiveCfg = debug_shared|Win32
		{6FF56CDB-787A-4714-A28C-919003F9FA6C}.debug_shared|x86.Build.0 = debug_shared|Win32
		{6FF56CDB-787A-4714-A28C-919003F9FA6C}.debug_static_md|ARM64.ActiveCfg = debug_static_md|ARM64
		{6FF56CDB-787A-4714-A28C-919003F9FA6C}.debug_static_md|ARM64.Build.0 = debug_static_md|ARM64
		{6FF56CDB-787A-4714-A28C-919003F9FA6C}.debug_static_md|x64.ActiveCfg = debug_static_md|x64
		{6FF56CDB-787A-4714-A28C-919003F9FA6C}.debug_static_md|x64.Build.0 = debug_static_md|x64
		{6FF56CDB-787A-4714-A28C-919003F9FA6C}.debug_static_md|x86.ActiveCfg = debug_static_md|Win32
		{6FF56CDB-787A-4714-A28C-919003F9FA6C}.debug_static_md|x86.Build.0 = debug_static_md|Win32
		{6FF56CDB-787A-4714-A28C-919003F9FA6C}.debug_static_mt|ARM64.ActiveCfg = debug_static_mt|ARM64
		{6FF56CDB-787A-4714-A28C-919003F9FA6C}.debug_static_mt|ARM64.Build.0 = debug_static_mt|ARM64
		{6FF56CDB-787A-4714-A28C-919003F9FA6C}.debug_static_mt|x64.ActiveCfg = debug_static_mt|x64
		{6FF56CDB-787A-4714-A28C-919003F9FA6C}.debug_static_mt|x64.Build.0 = debug_static_mt|x64
		{6FF56CDB-787A-4714-A28C-919003F9FA6C}.debug_static_mt|x86.ActiveCfg = debug_static_mt|Win32
		{6FF56CDB-787A-4714-A28C-919003F9FA6C}.debug_static_mt|x86.Build.0 = debug_static_mt|Win32
		{6FF56CDB-787A-4714-A28C-919003F9FA6C}.release_shared|ARM64.ActiveCfg = release_shared|ARM64
		{6FF56CDB-787A-4714-A28C-919003F9FA6C}.release_shared|ARM64.Build.0 = release_shared|ARM64
		{6FF56CDB-787A-4714-A28C-919003F9FA6C}.release_shared|x64.ActiveCfg = release_shared|x64
		{6FF56CDB-787A-4714-A28C-919003F9FA6C}.release_shared|x64.Build.0 = release_shared|x64
		{6FF56CDB-787A-4714-A28C-919003F9FA6C}.release_shared|x86.ActiveCfg = release_shared|Win32
		{6FF56CDB-787A-4714-A28C-919003F9FA6C}.release_shared|x86.Build.0 = release_shared|Win32
		{6FF56CDB-787A-4714-A28C-919003F9FA6C}.release_static_md|ARM64.ActiveCfg = release_static_md|ARM64
		{6FF56CDB-787A-4714-A28C-919003F9FA6C}.release_static_md|ARM64.Build.0 = release_static_md|ARM64
		{6FF56CDB-787A-4714-A28C-919003F9FA6C}.release_static_md|x64.ActiveCfg = release_static_md|x64
		{6FF56CDB-787A-4714-A28C-919003F9FA6C}.release_static_md|x64.Build.0 = release_static_md|x64
		{6FF56CDB-787A-4714-A28C-919003F9FA6C}.release_static_md|x86.ActiveCfg = release_static_md|Win32
		{6FF56CDB-787A-4714-A28C-919003F9FA6C}.release_static_md|x86.Build.0 = release_static_md|Win32
		{6FF56CDB-787A-4714-A28C-919003F9FA6C}.release_static_mt|ARM64.ActiveCfg = release_static_mt|ARM64
		{6FF56CDB-787A-4714-A28C-919003F9FA6C}.release_static_mt|ARM64.Build.0 = release_static_mt|ARM64
		{6FF56CDB-787A-4714-A28C-919003F9FA6C}.release_static_mt|x64.ActiveCfg = release_static_mt|x64
		{6FF56CDB-787A-4714-A28C-919003F9FA6C}.release_static_mt|x64.Build.0 = release_static_mt|x64
		{6FF56CDB-787A-4714-A28C-919003F9FA6C}.release_static_mt|x86.ActiveCfg = release_static_mt|Win32
		{6FF56CDB-787A-4714-A28C-919003F9FA6C}.release_static_mt|x86.Build.0 = release_static_mt|Win32
		{4AC75EAD-BFCF-41E6-AB1F-0DA203CC7C61}.debug_shared|ARM64.ActiveCfg = debug_shared|ARM64
		{4AC75EAD-BFCF-41E6-AB1F-0DA203CC7C61}.debug_shared|ARM64.Build.0 = debug_shared|ARM64
		{4AC75EAD-BFCF-41E6-AB1F-0DA203CC7C61}.debug_shared|x64.ActiveCfg = debug_shared|x64
		{4AC75EAD-BFCF-41E6-AB1F-0DA203CC7C61}.debug_shared|x64.Build.0 = debug_shared|x64
		{4AC75EAD-BFCF-41E6-AB1F-0DA203CC7C61}.debug_shared|x86.ActiveCfg = debug_shared|Win32
		{4AC75EAD-BFCF-41E6-AB1F-0DA203CC7C61}.debug_shared|x86.Build.0 = debug_shared|Win32
		{4AC75EAD-BFCF-41E6-AB1F-0DA203CC7C61}.debug_static_md|ARM64.ActiveCfg = debug_static_md|ARM64
		{4AC75EAD-BFCF-41E6-AB1F-0DA203CC7C61}.debug_static_md|ARM64.Build.0 = debug_static_md|ARM64
		{4AC75EAD-BFCF-41E6-AB1F-0DA203CC7C61}.debug_static_md|x64.ActiveCfg = debug_static_md|x64
		{4AC75EAD-BFCF-41E6-AB1F-0DA203CC7C61}.debug_static_md|x64.Build.0 = debug_static_md|x64
		{4AC75EAD-BFCF-41E6-AB1F-0DA203CC7C61}.debug_static_md|x86.ActiveCfg = debug_static_md|Win32
		{4AC75EAD-BFCF-41E6-AB1F-0DA203CC7C61}.debug_static_md|x86.Build.0 = debug_static_md|Win32
		{4AC75EAD-BFCF-41E6-AB1F-0DA203CC7C61}.debug_static_mt|ARM64.ActiveCfg = debug_static_mt|ARM64
		{4AC75EAD-BFCF-41E6-AB1F-0DA203CC7C61}.debug_static_mt|ARM64.Build.0 = debug_static_mt|ARM64
		{4AC75EAD-BFCF-41E6-AB1F-0DA203CC7C61}.debug_static_mt|x64.ActiveCfg = debug_static_mt|x64
		{4AC75EAD-BFCF-41E6-AB1F-0DA203CC7C61}.debug_static_mt|x64.Build.0 = debug_static_mt|x64
		{4AC75EAD-BFCF-41E6-AB1F-0DA203CC7C61}.debug_static_mt|x86.ActiveCfg = debug_static_mt|Win32
		{4AC75EAD-BFCF-41E6-AB1F-0DA203CC7C61}.debug_static_mt|x86.Build.0 = debug_static_mt|Win32
		{4AC75EAD-BFCF-41E6-AB1F-0DA203CC7C61}.release_shared|ARM64.ActiveCfg = release_shared|ARM64
		{4AC75EAD-BFCF-41E6-AB1F-0DA203CC7C61}.release_shared|ARM64.Build.0 = release_shared|ARM64
		{4AC75EAD-BFCF-41E6-AB1F-0DA203CC7C61}.release_shared|x64.ActiveCfg = release_shared|x64
		{4AC75EAD-BFCF-41E6-AB1F-0DA203CC7C61}.release_shared|x64.Build.0 = release_shared|x64
		{4AC75EAD-BFCF-41E6-AB1F-0DA203CC7C61}.release_shared|x86.ActiveCfg = release_shared|Win32
		{4AC75EAD-BFCF-41E6-AB1F-0DA203CC7C61}.release_shared|x86.Build.0 = release_shared|Win32
		{4AC75EAD-BFCF-41E6-AB1F-0DA203CC7C61}.release_static_md|ARM64.ActiveCfg = release_static_md|ARM64
		{4AC75EAD-BFCF-41E6-AB1F-0DA203CC7C61}.release_static_md|ARM64.Build.0 = release_static_md|ARM64
		{4AC75EAD-BFCF-41E6-AB1F-0DA203CC7C61}.release_static_md|x64.ActiveCfg = release_static_md|x64
		{4AC75EAD-BFCF-41E6-AB1F-0DA203CC7C61}.release_static_md|x64.Build.0 = release_static_md|x64
		{4AC75EAD-BFCF-41E6-AB1F-0DA203CC7C61}.release_static_md|x86.ActiveCfg = release_static_md|Win32
		{4AC75EAD-BFCF-41E6-AB1F-0DA203CC7C61}.release_static_md|x86.Build.0 = release_static_md|Win32
		{4AC75EAD-BFCF-41E6-AB1F-0DA203CC7C61}.release_static_mt|ARM64.ActiveCfg = release_static_mt|ARM64
		{4AC75EAD-BFCF-41E6-AB1F-0DA203CC7C61}.release_static_mt|ARM64.Build.0 = release_static_mt|ARM64
		{4AC75EAD-BFCF-41E6-AB1F-0DA203CC7C61}.release_static_mt|x64.ActiveCfg = release_static_mt|x64
		{4AC75EAD-BFCF-41E6-AB1F-0DA203CC7C61}.release_static_mt|x64.Build.0 = release_static_mt|x64
		{4AC75EAD-BFCF-41E6-AB1F-0DA203CC7C61}.release_static_mt|x86.ActiveCfg = release_static_mt|Win32
		{4AC75EAD-BFCF-41E6-AB1F-0DA203CC7C61}.release_static_mt|x86.Build.0 = release_static_mt|Win32
		{D7AAB91A-9AB8-457D-A329-02D1FA47CB7E}.debug_shared|ARM64.ActiveCfg = debug_shared|ARM64
		{D7AAB91A-9AB8-457D-A329-02D1FA47CB7E}.debug_shared|ARM64.Build.0 = debug_shared|ARM64
		{D7AAB91A-9AB8-457D-A329-02D1FA47CB7E}.debug_shared|x64.ActiveCfg = debug_shared|x64
		{D7AAB91A-9AB8-457D-A329-02D1FA47CB7E}.debug_shared|x64.Build.0 = debug_shared|x64
		{D7AAB91A-9AB8-457D-A329-02D1FA47CB7E}.debug_shared|x86.ActiveCfg = debug_shared|Win32
		{D7AAB91A-9AB8-457D-A329-02D1FA47CB7E}.debug_shared|x86.Build.0 = debug_shared|Win32
		{D7AAB91A-9AB8-457D-A329-02D1FA47CB7E}.debug_static_md|ARM64.ActiveCfg = debug_static_md|ARM64
		{D7AAB91A-9AB8-457D-A329-02D1FA47CB7E}.debug_static_md|ARM64.Build.0 = debug_static_md|ARM64
		{D7AAB91A-9AB8-457D-A329-02D1FA47CB7E}.debug_static_md|x64.ActiveCfg = debug_static_md|x64
		{D7AAB91A-9AB8-457D-A329-02D1FA47CB7E}.debug_static_md|x64.Build.0 = debug_static_md|x64
		{D7AAB91A-9AB8-457D-A329-02D1FA47CB7E}.debug_static_md|x86.ActiveCfg = debug_static_md|Win32
		{D7AAB91A-9AB8-457D-A329-02D1FA47CB7E}.debug_static_md|x86.Build.0 = debug_static_md|Win32
		{D7AAB91A-9AB8-457D-A329-02D1FA47CB7E}.debug_static_mt|ARM64.ActiveCfg = debug_static_mt|ARM64
		{D7AAB91A-9AB8-457D-A329-02D1FA47CB7E}.debug_static_mt|ARM64.Build.0 = debug_static_mt|ARM64
		{D7AAB91A-9AB8-457D-A329-02D1FA47CB7E}.debug_static_mt|x64.ActiveCfg = debug_static_mt|x64
		{D7AAB91A-9AB8-457D-A329-02D1FA47CB7E}.debug_static_mt|x64.Build.0 = debug_static_mt|x64
		{D7AAB91A-9AB8-457D-A329-02D1FA47CB7E}.debug_static_mt|x86.ActiveCfg = debug_static_mt|Win32
		{D7AAB91A-9AB8-457D-A329-02D1FA47CB7E}.debug_static_mt|x86.Build.0 = debug_static_mt|Win32
		{D7AAB91A-9AB8-457D-A329-02D1FA47CB7E}.release_shared|ARM64.ActiveCfg = release_shared|ARM64
		{D7AAB91A-9AB8-457D-A329-02D1FA47CB7E}.release_shared|ARM64.Build.0 = release_shared|ARM64
		{D7AAB91A-9AB8-457D-A329-02D1FA47CB7E}.release_shared|x64.ActiveCfg = release_shared|x64
		{D7AAB91A-9AB8-457D-A329-02D1FA47CB7E}.release_shared|x64.Build.0 = release_shared|x64
		{D7AAB91A-9AB8-457D-A329-02D1FA47CB7E}.release_shared|x86.ActiveCfg = release_shared|Win32
		{D7AAB91A-9AB8-457D-A329-02D1FA47CB7E}.release_shared|x86.Build.0 = release_shared|Win32
		{D7AAB91A-9AB8-457D-A329-02D1FA47CB7E}.release_static_md|ARM64.ActiveCfg = release_static_md|ARM64
		{D7AAB91A-9AB8-457D-A329-02D1FA47CB7E}.release_static_md|ARM64.Build.0 = release_static_md|ARM64
		{D7AAB91A-9AB8-457D-A329-02D1FA47CB7E}.release_static_md|x64.ActiveCfg = release_static_md|x64
		{D7AAB91A-9AB8-457D-A329-02D1FA47CB7E}.release_static_md|x64.Build.0 = release_static_md|x64
		{D7AAB91A-9AB8-457D-A329-02D1FA47CB7E}.release_static_md|x86.ActiveCfg = release_static_md|Win32
		{D7AAB91A-9AB8-457D-A329-02D1FA47CB7E}.release_static_md|x86.Build.0 = release_static_md|Win32
		{D7AAB91A-9AB8-457D-A329-02D1FA47CB7E}.release_static_mt|ARM64.ActiveCfg = release_static_mt|ARM64
		{D7AAB91A-9AB8-457D-A329-02D1FA47CB7E}.release_static_mt|ARM64.Build.0 = release_static_mt|ARM64
		{D7AAB91A-9AB8-457D-A329-02D1FA47CB7E}.release_static_mt|x64.ActiveCfg = release_static_mt|x64
		{D7AAB91A-9AB8-457D-A329-02D1FA47CB7E}.release_static_mt|x64.Build.0 = release_static_mt|x64
		{D7AAB91A-9AB8-457D-A329-02D1FA47CB7E}.release_static_mt|x86.ActiveCfg = release_static_mt|Win32
		{D7AAB91A-9AB8-457D-A329-02D1FA47CB7E}.release_static_mt|x86.Build.0 = release_static_mt|Win32
		{B01196CC-B693-4548-8464-2FF60499E73F}.debug_shared|ARM64.ActiveCfg = debug_shared|ARM64
		{B01196CC-B693-4548-8464-2FF60499E73F}.debug_shared|ARM64.Build.0 = debug_shared|ARM64
		{B01196CC-B693-4548-8464-2FF60499E73F}.debug_shared|x64.ActiveCfg = debug_shared|x64
		{B01196CC-B693-4548-8464-2FF60499E73F}.debug_shared|x64.Build.0 = debug_shared|x64
		{B01196CC-B693-4548-8464-2FF60499E73F}.debug_shared|x86.ActiveCfg = debug_shared|Win32
		{B01196CC-B693-4548-8464-2FF60499E73F}.debug_shared|x86.Build.0 = debug_shared|Win32
		{B01196CC-B693-4548-8464-2FF60499E73F}.debug_static_md|ARM64.ActiveCfg = debug_static_md|ARM64
		{B01196CC-B693-4548-8464-2FF60499E73F}.debug_static_md|ARM64.Build.0 = debug_static_md|ARM64
		{B01196CC-B693-4548-8464-2FF60499E73F}.debug_static_md|x64.ActiveCfg = debug_static_md|x64
		{B01196CC-B693-4548-8464-2FF60499E73F}.debug_static_md|x64.Build.0 = debug_static_md|x64
		{B01196CC-B693-4548-8464-2FF60499E73F}.debug_static_md|x86.ActiveCfg = debug_static_md|Win32
		{B01196CC-B693-4548-8464-2FF60499E73F}.debug_static_md|x86.Build.0 = debug_static_md|Win32
		{B01196CC-B693-4548-8464-2FF60499E73F}.debug_static_mt|ARM64.ActiveCfg = debug_static_mt|ARM64
		{B01196CC-B693-4548-8464-2FF60499E73F}.debug_static_mt|ARM64.Build.0 = debug_static_mt|ARM64
		{B01196CC-B693-4548-8464-2FF60499E73F}.debug_static_mt|x64.ActiveCfg = debug_static_mt|x64
		{B01196CC-B693-4548-8464-2FF60499E73F}.debug_static_mt|x64.Build.0 = debug_static_mt|x64
		{B01196CC-B693-4548-8464-2FF60499E73F}.debug_static_mt|x86.ActiveCfg = debug_static_mt|Win32
		{B01196CC-B693-4548-8464-2FF60499E73F}.debug_static_mt|x86.Build.0 = debug_static_mt|Win32
		{B01196CC-B693-4548-8464-2FF60499E73F}.release_shared|ARM64.ActiveCfg = release_shared|ARM64
		{B01196CC-B693-4548-8464-2FF60499E73F}.release_shared|ARM64.Build.0 = release_shared|ARM64
		{B01196CC-B693-4548-8464-2FF60499E73F}.release_shared|x64.ActiveCfg = release_shared|x64
		{B01196CC-B693-4548-8464-2FF60499E73F}.release_shared|x64.Build.0 = release_shared|x64
		{B01196CC-B693-4548-8464-2FF60499E73F}.release_shared|x86.ActiveCfg = release_shared|Win32
		{B01196CC-B693-4548-8464-2FF60499E73F}.release_shared|x86.Build.0 = release_shared|Win32
		{B01196CC-B693-4548-8464-2FF60499E73F}.release_static_md|ARM64.ActiveCfg = release_static_md|ARM64
		{B01196CC-B693-4548-8464-2FF60499E73F}.release_static_md|ARM64.Build.0 = release_static_md|ARM64
		{B01196CC-B693-4548-8464-2FF60499E73F}.release_static_md|x64.ActiveCfg = release_static_md|x64
		{B01196CC-B693-4548-8464-2FF60499E73F}.release_static_md|x64.Build.0 = release_static_md|x64
		{B01196CC-B693-4548-8464-2FF60499E73F}.release_static_md|x86.ActiveCfg = release_static_md|Win32
		{B01196CC-B693-4548-8464-2FF60499E73F}.release_static_md|x86.Build.0 = release_static_md|Win32
		{B01196CC-B693-4548-8464-2FF60499E73F}.release_static_mt|ARM64.ActiveCfg = release_static_mt|ARM64
		{B01196CC-B693-4548-8464-2FF60499E73F}.release_static_mt|ARM64.Build.0 = release_static_mt|ARM64
		{B01196CC-B693-4548-8464-2FF60499E73F}.release_static_mt|x64.ActiveCfg = release_static_mt|x64
		{B01196CC-B693-4548-8464-2FF60499E73F}.release_static_mt|x64.Build.0 = release_static_mt|x64
		{B01196CC-B693-4548-8464-2FF60499E73F}.release_static_mt|x86.ActiveCfg = release_static_mt|Win32
		{B01196CC-B693-4548-8464-2FF60499E73F}.release_static_mt|x86.Build.0 = release_static_mt|Win32
	EndGlobalSection
	GlobalSection(SolutionProperties) = preSolution
		HideSolutionNode = FALSE
	EndGlobalSection
	GlobalSection(ExtensibilityGlobals) = postSolution
		SolutionGuid = {7083B0BC-22E5-4AEC-8AFE-476F77BE3555}
	EndGlobalSection
EndGlobal
